
Microsoft Visual Studio Solution File, Format Version 12.00
# Visual Studio Version 17
VisualStudioVersion = 17.2.32519.379
MinimumVisualStudioVersion = 10.0.40219.1
Project("{FAE04EC0-301F-11D3-BF4B-00C04F79EFBC}") = "Polimorfismo", "Polimorfismo.csproj", "{D340ECC1-1511-4978-9F58-D32A8198CB7A}"
EndProject
Global
	GlobalSection(SolutionConfigurationPlatforms) = preSolution
		Debug|Any CPU = Debug|Any CPU
		Release|Any CPU = Release|Any CPU
	EndGlobalSection
	GlobalSection(ProjectConfigurationPlatforms) = postSolution
		{D340ECC1-1511-4978-9F58-D32A8198CB7A}.Debug|Any CPU.ActiveCfg = Debug|Any CPU
		{D340ECC1-1511-4978-9F58-D32A8198CB7A}.Debug|Any CPU.Build.0 = Debug|Any CPU
		{D340ECC1-1511-4978-9F58-D32A8198CB7A}.Release|Any CPU.ActiveCfg = Release|Any CPU
		{D340ECC1-1511-4978-9F58-D32A8198CB7A}.Release|Any CPU.Build.0 = Release|Any CPU
	EndGlobalSection
	GlobalSection(SolutionProperties) = preSolution
		HideSolutionNode = FALSE
	EndGlobalSection
	GlobalSection(ExtensibilityGlobals) = postSolution
		SolutionGuid = {6F22338A-9DBD-4265-AC01-A6C3DD859C91}
	EndGlobalSection
EndGlobal
