
Microsoft Visual Studio Solution File, Format Version 12.00
# Visual Studio Version 17
VisualStudioVersion = 17.2.32519.379
MinimumVisualStudioVersion = 10.0.40219.1
Project("{FAE04EC0-301F-11D3-BF4B-00C04F79EFBC}") = "ConstrutoresDestrutores", "ConstrutoresDestrutores.csproj", "{739904F3-B4B8-4DBA-BE72-4EA72FB22E12}"
EndProject
Global
	GlobalSection(SolutionConfigurationPlatforms) = preSolution
		Debug|Any CPU = Debug|Any CPU
		Release|Any CPU = Release|Any CPU
	EndGlobalSection
	GlobalSection(ProjectConfigurationPlatforms) = postSolution
		{739904F3-B4B8-4DBA-BE72-4EA72FB22E12}.Debug|Any CPU.ActiveCfg = Debug|Any CPU
		{739904F3-B4B8-4DBA-BE72-4EA72FB22E12}.Debug|Any CPU.Build.0 = Debug|Any CPU
		{739904F3-B4B8-4DBA-BE72-4EA72FB22E12}.Release|Any CPU.ActiveCfg = Release|Any CPU
		{739904F3-B4B8-4DBA-BE72-4EA72FB22E12}.Release|Any CPU.Build.0 = Release|Any CPU
	EndGlobalSection
	GlobalSection(SolutionProperties) = preSolution
		HideSolutionNode = FALSE
	EndGlobalSection
	GlobalSection(ExtensibilityGlobals) = postSolution
		SolutionGuid = {B99A2970-D09B-48F2-B6E5-FD6350DE0453}
	EndGlobalSection
EndGlobal
