
Microsoft Visual Studio Solution File, Format Version 12.00
# Visual Studio Version 17
VisualStudioVersion = 17.2.32519.379
MinimumVisualStudioVersion = 10.0.40219.1
Project("{FAE04EC0-301F-11D3-BF4B-00C04F79EFBC}") = "MembrosClassesAbstratas", "MembrosClassesAbstratas.csproj", "{5DD4F197-756D-443F-8754-E566071E2E6C}"
EndProject
Global
	GlobalSection(SolutionConfigurationPlatforms) = preSolution
		Debug|Any CPU = Debug|Any CPU
		Release|Any CPU = Release|Any CPU
	EndGlobalSection
	GlobalSection(ProjectConfigurationPlatforms) = postSolution
		{5DD4F197-756D-443F-8754-E566071E2E6C}.Debug|Any CPU.ActiveCfg = Debug|Any CPU
		{5DD4F197-756D-443F-8754-E566071E2E6C}.Debug|Any CPU.Build.0 = Debug|Any CPU
		{5DD4F197-756D-443F-8754-E566071E2E6C}.Release|Any CPU.ActiveCfg = Release|Any CPU
		{5DD4F197-756D-443F-8754-E566071E2E6C}.Release|Any CPU.Build.0 = Release|Any CPU
	EndGlobalSection
	GlobalSection(SolutionProperties) = preSolution
		HideSolutionNode = FALSE
	EndGlobalSection
	GlobalSection(ExtensibilityGlobals) = postSolution
		SolutionGuid = {EB5B17CB-B603-4AA8-B4AC-5A5360CB26A3}
	EndGlobalSection
EndGlobal
